// !$*UTF8*$!
{
	archiveVersion = 1;
	classes = {
	};
	objectVersion = 50;
	objects = {

/* Begin PBXBuildFile section */
		5499993026EA522900D2A4FC /* AppDelegate.swift in Sources */ = {isa = PBXBuildFile; fileRef = 5499992F26EA522900D2A4FC /* AppDelegate.swift */; };
		5499993226EA522900D2A4FC /* SceneDelegate.swift in Sources */ = {isa = PBXBuildFile; fileRef = 5499993126EA522900D2A4FC /* SceneDelegate.swift */; };
		5499993426EA522900D2A4FC /* ContentView.swift in Sources */ = {isa = PBXBuildFile; fileRef = 5499993326EA522900D2A4FC /* ContentView.swift */; };
		5499993626EA522A00D2A4FC /* Assets.xcassets in Resources */ = {isa = PBXBuildFile; fileRef = 5499993526EA522A00D2A4FC /* Assets.xcassets */; };
		5499993926EA522A00D2A4FC /* Preview Assets.xcassets in Resources */ = {isa = PBXBuildFile; fileRef = 5499993826EA522A00D2A4FC /* Preview Assets.xcassets */; };
		5499993C26EA522A00D2A4FC /* LaunchScreen.storyboard in Resources */ = {isa = PBXBuildFile; fileRef = 5499993A26EA522A00D2A4FC /* LaunchScreen.storyboard */; };
		5499994726EA522A00D2A4FC /* ThreePointsDiaryTests.swift in Sources */ = {isa = PBXBuildFile; fileRef = 5499994626EA522A00D2A4FC /* ThreePointsDiaryTests.swift */; };
		5499995226EA522A00D2A4FC /* ThreePointsDiaryUITests.swift in Sources */ = {isa = PBXBuildFile; fileRef = 5499995126EA522A00D2A4FC /* ThreePointsDiaryUITests.swift */; };
/* End PBXBuildFile section */

/* Begin PBXContainerItemProxy section */
		5499994326EA522A00D2A4FC /* PBXContainerItemProxy */ = {
			isa = PBXContainerItemProxy;
			containerPortal = 5499992426EA522900D2A4FC /* Project object */;
			proxyType = 1;
			remoteGlobalIDString = 5499992B26EA522900D2A4FC;
			remoteInfo = ThreePointsDiary;
		};
		5499994E26EA522A00D2A4FC /* PBXContainerItemProxy */ = {
			isa = PBXContainerItemProxy;
			containerPortal = 5499992426EA522900D2A4FC /* Project object */;
			proxyType = 1;
			remoteGlobalIDString = 5499992B26EA522900D2A4FC;
			remoteInfo = ThreePointsDiary;
		};
/* End PBXContainerItemProxy section */

/* Begin PBXFileReference section */
		5499992C26EA522900D2A4FC /* ThreePointsDiary.app */ = {isa = PBXFileReference; explicitFileType = wrapper.application; includeInIndex = 0; path = ThreePointsDiary.app; sourceTree = BUILT_PRODUCTS_DIR; };
		5499992F26EA522900D2A4FC /* AppDelegate.swift */ = {isa = PBXFileReference; lastKnownFileType = sourcecode.swift; path = AppDelegate.swift; sourceTree = "<group>"; };
		5499993126EA522900D2A4FC /* SceneDelegate.swift */ = {isa = PBXFileReference; lastKnownFileType = sourcecode.swift; path = SceneDelegate.swift; sourceTree = "<group>"; };
		5499993326EA522900D2A4FC /* ContentView.swift */ = {isa = PBXFileReference; lastKnownFileType = sourcecode.swift; path = ContentView.swift; sourceTree = "<group>"; };
		5499993526EA522A00D2A4FC /* Assets.xcassets */ = {isa = PBXFileReference; lastKnownFileType = folder.assetcatalog; path = Assets.xcassets; sourceTree = "<group>"; };
		5499993826EA522A00D2A4FC /* Preview Assets.xcassets */ = {isa = PBXFileReference; lastKnownFileType = folder.assetcatalog; path = "Preview Assets.xcassets"; sourceTree = "<group>"; };
		5499993B26EA522A00D2A4FC /* Base */ = {isa = PBXFileReference; lastKnownFileType = file.storyboard; name = Base; path = Base.lproj/LaunchScreen.storyboard; sourceTree = "<group>"; };
		5499993D26EA522A00D2A4FC /* Info.plist */ = {isa = PBXFileReference; lastKnownFileType = text.plist.xml; path = Info.plist; sourceTree = "<group>"; };
		5499994226EA522A00D2A4FC /* ThreePointsDiaryTests.xctest */ = {isa = PBXFileReference; explicitFileType = wrapper.cfbundle; includeInIndex = 0; path = ThreePointsDiaryTests.xctest; sourceTree = BUILT_PRODUCTS_DIR; };
		5499994626EA522A00D2A4FC /* ThreePointsDiaryTests.swift */ = {isa = PBXFileReference; lastKnownFileType = sourcecode.swift; path = ThreePointsDiaryTests.swift; sourceTree = "<group>"; };
		5499994826EA522A00D2A4FC /* Info.plist */ = {isa = PBXFileReference; lastKnownFileType = text.plist.xml; path = Info.plist; sourceTree = "<group>"; };
		5499994D26EA522A00D2A4FC /* ThreePointsDiaryUITests.xctest */ = {isa = PBXFileReference; explicitFileType = wrapper.cfbundle; includeInIndex = 0; path = ThreePointsDiaryUITests.xctest; sourceTree = BUILT_PRODUCTS_DIR; };
		5499995126EA522A00D2A4FC /* ThreePointsDiaryUITests.swift */ = {isa = PBXFileReference; lastKnownFileType = sourcecode.swift; path = ThreePointsDiaryUITests.swift; sourceTree = "<group>"; };
		5499995326EA522A00D2A4FC /* Info.plist */ = {isa = PBXFileReference; lastKnownFileType = text.plist.xml; path = Info.plist; sourceTree = "<group>"; };
/* End PBXFileReference section */

/* Begin PBXFrameworksBuildPhase section */
		5499992926EA522900D2A4FC /* Frameworks */ = {
			isa = PBXFrameworksBuildPhase;
			buildActionMask = 2147483647;
			files = (
			);
			runOnlyForDeploymentPostprocessing = 0;
		};
		5499993F26EA522A00D2A4FC /* Frameworks */ = {
			isa = PBXFrameworksBuildPhase;
			buildActionMask = 2147483647;
			files = (
			);
			runOnlyForDeploymentPostprocessing = 0;
		};
		5499994A26EA522A00D2A4FC /* Frameworks */ = {
			isa = PBXFrameworksBuildPhase;
			buildActionMask = 2147483647;
			files = (
			);
			runOnlyForDeploymentPostprocessing = 0;
		};
/* End PBXFrameworksBuildPhase section */

/* Begin PBXGroup section */
		5499992326EA522900D2A4FC = {
			isa = PBXGroup;
			children = (
				5499992E26EA522900D2A4FC /* ThreePointsDiary */,
				5499994526EA522A00D2A4FC /* ThreePointsDiaryTests */,
				5499995026EA522A00D2A4FC /* ThreePointsDiaryUITests */,
				5499992D26EA522900D2A4FC /* Products */,
			);
			sourceTree = "<group>";
		};
		5499992D26EA522900D2A4FC /* Products */ = {
			isa = PBXGroup;
			children = (
				5499992C26EA522900D2A4FC /* ThreePointsDiary.app */,
				5499994226EA522A00D2A4FC /* ThreePointsDiaryTests.xctest */,
				5499994D26EA522A00D2A4FC /* ThreePointsDiaryUITests.xctest */,
			);
			name = Products;
			sourceTree = "<group>";
		};
		5499992E26EA522900D2A4FC /* ThreePointsDiary */ = {
			isa = PBXGroup;
			children = (
				5499992F26EA522900D2A4FC /* AppDelegate.swift */,
				5499993126EA522900D2A4FC /* SceneDelegate.swift */,
				5499993326EA522900D2A4FC /* ContentView.swift */,
				5499993526EA522A00D2A4FC /* Assets.xcassets */,
				5499993A26EA522A00D2A4FC /* LaunchScreen.storyboard */,
				5499993D26EA522A00D2A4FC /* Info.plist */,
				5499993726EA522A00D2A4FC /* Preview Content */,
			);
			path = ThreePointsDiary;
			sourceTree = "<group>";
		};
		5499993726EA522A00D2A4FC /* Preview Content */ = {
			isa = PBXGroup;
			children = (
				5499993826EA522A00D2A4FC /* Preview Assets.xcassets */,
			);
			path = "Preview Content";
			sourceTree = "<group>";
		};
		5499994526EA522A00D2A4FC /* ThreePointsDiaryTests */ = {
			isa = PBXGroup;
			children = (
				5499994626EA522A00D2A4FC /* ThreePointsDiaryTests.swift */,
				5499994826EA522A00D2A4FC /* Info.plist */,
			);
			path = ThreePointsDiaryTests;
			sourceTree = "<group>";
		};
		5499995026EA522A00D2A4FC /* ThreePointsDiaryUITests */ = {
			isa = PBXGroup;
			children = (
				5499995126EA522A00D2A4FC /* ThreePointsDiaryUITests.swift */,
				5499995326EA522A00D2A4FC /* Info.plist */,
			);
			path = ThreePointsDiaryUITests;
			sourceTree = "<group>";
		};
/* End PBXGroup section */

/* Begin PBXNativeTarget section */
		5499992B26EA522900D2A4FC /* ThreePointsDiary */ = {
			isa = PBXNativeTarget;
			buildConfigurationList = 5499995626EA522A00D2A4FC /* Build configuration list for PBXNativeTarget "ThreePointsDiary" */;
			buildPhases = (
				5499992826EA522900D2A4FC /* Sources */,
				5499992926EA522900D2A4FC /* Frameworks */,
				5499992A26EA522900D2A4FC /* Resources */,
			);
			buildRules = (
			);
			dependencies = (
			);
			name = ThreePointsDiary;
			productName = ThreePointsDiary;
			productReference = 5499992C26EA522900D2A4FC /* ThreePointsDiary.app */;
			productType = "com.apple.product-type.application";
		};
		5499994126EA522A00D2A4FC /* ThreePointsDiaryTests */ = {
			isa = PBXNativeTarget;
			buildConfigurationList = 5499995926EA522A00D2A4FC /* Build configuration list for PBXNativeTarget "ThreePointsDiaryTests" */;
			buildPhases = (
				5499993E26EA522A00D2A4FC /* Sources */,
				5499993F26EA522A00D2A4FC /* Frameworks */,
				5499994026EA522A00D2A4FC /* Resources */,
			);
			buildRules = (
			);
			dependencies = (
				5499994426EA522A00D2A4FC /* PBXTargetDependency */,
			);
			name = ThreePointsDiaryTests;
			productName = ThreePointsDiaryTests;
			productReference = 5499994226EA522A00D2A4FC /* ThreePointsDiaryTests.xctest */;
			productType = "com.apple.product-type.bundle.unit-test";
		};
		5499994C26EA522A00D2A4FC /* ThreePointsDiaryUITests */ = {
			isa = PBXNativeTarget;
			buildConfigurationList = 5499995C26EA522A00D2A4FC /* Build configuration list for PBXNativeTarget "ThreePointsDiaryUITests" */;
			buildPhases = (
				5499994926EA522A00D2A4FC /* Sources */,
				5499994A26EA522A00D2A4FC /* Frameworks */,
				5499994B26EA522A00D2A4FC /* Resources */,
			);
			buildRules = (
			);
			dependencies = (
				5499994F26EA522A00D2A4FC /* PBXTargetDependency */,
			);
			name = ThreePointsDiaryUITests;
			productName = ThreePointsDiaryUITests;
			productReference = 5499994D26EA522A00D2A4FC /* ThreePointsDiaryUITests.xctest */;
			productType = "com.apple.product-type.bundle.ui-testing";
		};
/* End PBXNativeTarget section */

/* Begin PBXProject section */
		5499992426EA522900D2A4FC /* Project object */ = {
			isa = PBXProject;
			attributes = {
				LastSwiftUpdateCheck = 1250;
				LastUpgradeCheck = 1250;
				TargetAttributes = {
					5499992B26EA522900D2A4FC = {
						CreatedOnToolsVersion = 12.5.1;
					};
					5499994126EA522A00D2A4FC = {
						CreatedOnToolsVersion = 12.5.1;
						TestTargetID = 5499992B26EA522900D2A4FC;
					};
					5499994C26EA522A00D2A4FC = {
						CreatedOnToolsVersion = 12.5.1;
						TestTargetID = 5499992B26EA522900D2A4FC;
					};
				};
			};
			buildConfigurationList = 5499992726EA522900D2A4FC /* Build configuration list for PBXProject "ThreePointsDiary" */;
			compatibilityVersion = "Xcode 9.3";
			developmentRegion = en;
			hasScannedForEncodings = 0;
			knownRegions = (
				en,
				Base,
			);
			mainGroup = 5499992326EA522900D2A4FC;
			productRefGroup = 5499992D26EA522900D2A4FC /* Products */;
			projectDirPath = "";
			projectRoot = "";
			targets = (
				5499992B26EA522900D2A4FC /* ThreePointsDiary */,
				5499994126EA522A00D2A4FC /* ThreePointsDiaryTests */,
				5499994C26EA522A00D2A4FC /* ThreePointsDiaryUITests */,
			);
		};
/* End PBXProject section */

/* Begin PBXResourcesBuildPhase section */
		5499992A26EA522900D2A4FC /* Resources */ = {
			isa = PBXResourcesBuildPhase;
			buildActionMask = 2147483647;
			files = (
				5499993C26EA522A00D2A4FC /* LaunchScreen.storyboard in Resources */,
				5499993926EA522A00D2A4FC /* Preview Assets.xcassets in Resources */,
				5499993626EA522A00D2A4FC /* Assets.xcassets in Resources */,
			);
			runOnlyForDeploymentPostprocessing = 0;
		};
		5499994026EA522A00D2A4FC /* Resources */ = {
			isa = PBXResourcesBuildPhase;
			buildActionMask = 2147483647;
			files = (
			);
			runOnlyForDeploymentPostprocessing = 0;
		};
		5499994B26EA522A00D2A4FC /* Resources */ = {
			isa = PBXResourcesBuildPhase;
			buildActionMask = 2147483647;
			files = (
			);
			runOnlyForDeploymentPostprocessing = 0;
		};
/* End PBXResourcesBuildPhase section */

/* Begin PBXSourcesBuildPhase section */
		5499992826EA522900D2A4FC /* Sources */ = {
			isa = PBXSourcesBuildPhase;
			buildActionMask = 2147483647;
			files = (
				5499993026EA522900D2A4FC /* AppDelegate.swift in Sources */,
				5499993226EA522900D2A4FC /* SceneDelegate.swift in Sources */,
				5499993426EA522900D2A4FC /* ContentView.swift in Sources */,
			);
			runOnlyForDeploymentPostprocessing = 0;
		};
		5499993E26EA522A00D2A4FC /* Sources */ = {
			isa = PBXSourcesBuildPhase;
			buildActionMask = 2147483647;
			files = (
				5499994726EA522A00D2A4FC /* ThreePointsDiaryTests.swift in Sources */,
			);
			runOnlyForDeploymentPostprocessing = 0;
		};
		5499994926EA522A00D2A4FC /* Sources */ = {
			isa = PBXSourcesBuildPhase;
			buildActionMask = 2147483647;
			files = (
				5499995226EA522A00D2A4FC /* ThreePointsDiaryUITests.swift in Sources */,
			);
			runOnlyForDeploymentPostprocessing = 0;
		};
/* End PBXSourcesBuildPhase section */

/* Begin PBXTargetDependency section */
		5499994426EA522A00D2A4FC /* PBXTargetDependency */ = {
			isa = PBXTargetDependency;
			target = 5499992B26EA522900D2A4FC /* ThreePointsDiary */;
			targetProxy = 5499994326EA522A00D2A4FC /* PBXContainerItemProxy */;
		};
		5499994F26EA522A00D2A4FC /* PBXTargetDependency */ = {
			isa = PBXTargetDependency;
			target = 5499992B26EA522900D2A4FC /* ThreePointsDiary */;
			targetProxy = 5499994E26EA522A00D2A4FC /* PBXContainerItemProxy */;
		};
/* End PBXTargetDependency section */

/* Begin PBXVariantGroup section */
		5499993A26EA522A00D2A4FC /* LaunchScreen.storyboard */ = {
			isa = PBXVariantGroup;
			children = (
				5499993B26EA522A00D2A4FC /* Base */,
			);
			name = LaunchScreen.storyboard;
			sourceTree = "<group>";
		};
/* End PBXVariantGroup section */

/* Begin XCBuildConfiguration section */
		5499995426EA522A00D2A4FC /* Debug */ = {
			isa = XCBuildConfiguration;
			buildSettings = {
				ALWAYS_SEARCH_USER_PATHS = NO;
				CLANG_ANALYZER_NONNULL = YES;
				CLANG_ANALYZER_NUMBER_OBJECT_CONVERSION = YES_AGGRESSIVE;
				CLANG_CXX_LANGUAGE_STANDARD = "gnu++14";
				CLANG_CXX_LIBRARY = "libc++";
				CLANG_ENABLE_MODULES = YES;
				CLANG_ENABLE_OBJC_ARC = YES;
				CLANG_ENABLE_OBJC_WEAK = YES;
				CLANG_WARN_BLOCK_CAPTURE_AUTORELEASING = YES;
				CLANG_WARN_BOOL_CONVERSION = YES;
				CLANG_WARN_COMMA = YES;
				CLANG_WARN_CONSTANT_CONVERSION = YES;
				CLANG_WARN_DEPRECATED_OBJC_IMPLEMENTATIONS = YES;
				CLANG_WARN_DIRECT_OBJC_ISA_USAGE = YES_ERROR;
				CLANG_WARN_DOCUMENTATION_COMMENTS = YES;
				CLANG_WARN_EMPTY_BODY = YES;
				CLANG_WARN_ENUM_CONVERSION = YES;
				CLANG_WARN_INFINITE_RECURSION = YES;
				CLANG_WARN_INT_CONVERSION = YES;
				CLANG_WARN_NON_LITERAL_NULL_CONVERSION = YES;
				CLANG_WARN_OBJC_IMPLICIT_RETAIN_SELF = YES;
				CLANG_WARN_OBJC_LITERAL_CONVERSION = YES;
				CLANG_WARN_OBJC_ROOT_CLASS = YES_ERROR;
				CLANG_WARN_QUOTED_INCLUDE_IN_FRAMEWORK_HEADER = YES;
				CLANG_WARN_RANGE_LOOP_ANALYSIS = YES;
				CLANG_WARN_STRICT_PROTOTYPES = YES;
				CLANG_WARN_SUSPICIOUS_MOVE = YES;
				CLANG_WARN_UNGUARDED_AVAILABILITY = YES_AGGRESSIVE;
				CLANG_WARN_UNREACHABLE_CODE = YES;
				CLANG_WARN__DUPLICATE_METHOD_MATCH = YES;
				COPY_PHASE_STRIP = NO;
				DEBUG_INFORMATION_FORMAT = dwarf;
				ENABLE_STRICT_OBJC_MSGSEND = YES;
				ENABLE_TESTABILITY = YES;
				GCC_C_LANGUAGE_STANDARD = gnu11;
				GCC_DYNAMIC_NO_PIC = NO;
				GCC_NO_COMMON_BLOCKS = YES;
				GCC_OPTIMIZATION_LEVEL = 0;
				GCC_PREPROCESSOR_DEFINITIONS = (
					"DEBUG=1",
					"$(inherited)",
				);
				GCC_WARN_64_TO_32_BIT_CONVERSION = YES;
				GCC_WARN_ABOUT_RETURN_TYPE = YES_ERROR;
				GCC_WARN_UNDECLARED_SELECTOR = YES;
				GCC_WARN_UNINITIALIZED_AUTOS = YES_AGGRESSIVE;
				GCC_WARN_UNUSED_FUNCTION = YES;
				GCC_WARN_UNUSED_VARIABLE = YES;
				IPHONEOS_DEPLOYMENT_TARGET = 14.5;
				MTL_ENABLE_DEBUG_INFO = INCLUDE_SOURCE;
				MTL_FAST_MATH = YES;
				ONLY_ACTIVE_ARCH = YES;
				SDKROOT = iphoneos;
				SWIFT_ACTIVE_COMPILATION_CONDITIONS = DEBUG;
				SWIFT_OPTIMIZATION_LEVEL = "-Onone";
			};
			name = Debug;
		};
		5499995526EA522A00D2A4FC /* Release */ = {
			isa = XCBuildConfiguration;
			buildSettings = {
				ALWAYS_SEARCH_USER_PATHS = NO;
				CLANG_ANALYZER_NONNULL = YES;
				CLANG_ANALYZER_NUMBER_OBJECT_CONVERSION = YES_AGGRESSIVE;
				CLANG_CXX_LANGUAGE_STANDARD = "gnu++14";
				CLANG_CXX_LIBRARY = "libc++";
				CLANG_ENABLE_MODULES = YES;
				CLANG_ENABLE_OBJC_ARC = YES;
				CLANG_ENABLE_OBJC_WEAK = YES;
				CLANG_WARN_BLOCK_CAPTURE_AUTORELEASING = YES;
				CLANG_WARN_BOOL_CONVERSION = YES;
				CLANG_WARN_COMMA = YES;
				CLANG_WARN_CONSTANT_CONVERSION = YES;
				CLANG_WARN_DEPRECATED_OBJC_IMPLEMENTATIONS = YES;
				CLANG_WARN_DIRECT_OBJC_ISA_USAGE = YES_ERROR;
				CLANG_WARN_DOCUMENTATION_COMMENTS = YES;
				CLANG_WARN_EMPTY_BODY = YES;
				CLANG_WARN_ENUM_CONVERSION = YES;
				CLANG_WARN_INFINITE_RECURSION = YES;
				CLANG_WARN_INT_CONVERSION = YES;
				CLANG_WARN_NON_LITERAL_NULL_CONVERSION = YES;
				CLANG_WARN_OBJC_IMPLICIT_RETAIN_SELF = YES;
				CLANG_WARN_OBJC_LITERAL_CONVERSION = YES;
				CLANG_WARN_OBJC_ROOT_CLASS = YES_ERROR;
				CLANG_WARN_QUOTED_INCLUDE_IN_FRAMEWORK_HEADER = YES;
				CLANG_WARN_RANGE_LOOP_ANALYSIS = YES;
				CLANG_WARN_STRICT_PROTOTYPES = YES;
				CLANG_WARN_SUSPICIOUS_MOVE = YES;
				CLANG_WARN_UNGUARDED_AVAILABILITY = YES_AGGRESSIVE;
				CLANG_WARN_UNREACHABLE_CODE = YES;
				CLANG_WARN__DUPLICATE_METHOD_MATCH = YES;
				COPY_PHASE_STRIP = NO;
				DEBUG_INFORMATION_FORMAT = "dwarf-with-dsym";
				ENABLE_NS_ASSERTIONS = NO;
				ENABLE_STRICT_OBJC_MSGSEND = YES;
				GCC_C_LANGUAGE_STANDARD = gnu11;
				GCC_NO_COMMON_BLOCKS = YES;
				GCC_WARN_64_TO_32_BIT_CONVERSION = YES;
				GCC_WARN_ABOUT_RETURN_TYPE = YES_ERROR;
				GCC_WARN_UNDECLARED_SELECTOR = YES;
				GCC_WARN_UNINITIALIZED_AUTOS = YES_AGGRESSIVE;
				GCC_WARN_UNUSED_FUNCTION = YES;
				GCC_WARN_UNUSED_VARIABLE = YES;
				IPHONEOS_DEPLOYMENT_TARGET = 14.5;
				MTL_ENABLE_DEBUG_INFO = NO;
				MTL_FAST_MATH = YES;
				SDKROOT = iphoneos;
				SWIFT_COMPILATION_MODE = wholemodule;
				SWIFT_OPTIMIZATION_LEVEL = "-O";
				VALIDATE_PRODUCT = YES;
			};
			name = Release;
		};
		5499995726EA522A00D2A4FC /* Debug */ = {
			isa = XCBuildConfiguration;
			buildSettings = {
				ASSETCATALOG_COMPILER_APPICON_NAME = AppIcon;
				ASSETCATALOG_COMPILER_GLOBAL_ACCENT_COLOR_NAME = AccentColor;
				CODE_SIGN_STYLE = Automatic;
				DEVELOPMENT_ASSET_PATHS = "\"ThreePointsDiary/Preview Content\"";
				DEVELOPMENT_TEAM = RY7754Y275;
				ENABLE_PREVIEWS = YES;
				INFOPLIST_FILE = ThreePointsDiary/Info.plist;
				LD_RUNPATH_SEARCH_PATHS = (
					"$(inherited)",
					"@executable_path/Frameworks",
				);
				PRODUCT_BUNDLE_IDENTIFIER = com.example.y.ThreePointsDiary;
				PRODUCT_NAME = "$(TARGET_NAME)";
				SWIFT_VERSION = 5.0;
				TARGETED_DEVICE_FAMILY = "1,2";
			};
			name = Debug;
		};
		5499995826EA522A00D2A4FC /* Release */ = {
			isa = XCBuildConfiguration;
			buildSettings = {
				ASSETCATALOG_COMPILER_APPICON_NAME = AppIcon;
				ASSETCATALOG_COMPILER_GLOBAL_ACCENT_COLOR_NAME = AccentColor;
				CODE_SIGN_STYLE = Automatic;
				DEVELOPMENT_ASSET_PATHS = "\"ThreePointsDiary/Preview Content\"";
				DEVELOPMENT_TEAM = RY7754Y275;
				ENABLE_PREVIEWS = YES;
				INFOPLIST_FILE = ThreePointsDiary/Info.plist;
				LD_RUNPATH_SEARCH_PATHS = (
					"$(inherited)",
					"@executable_path/Frameworks",
				);
				PRODUCT_BUNDLE_IDENTIFIER = com.example.y.ThreePointsDiary;
				PRODUCT_NAME = "$(TARGET_NAME)";
				SWIFT_VERSION = 5.0;
				TARGETED_DEVICE_FAMILY = "1,2";
			};
			name = Release;
		};
		5499995A26EA522A00D2A4FC /* Debug */ = {
			isa = XCBuildConfiguration;
			buildSettings = {
				ALWAYS_EMBED_SWIFT_STANDARD_LIBRARIES = YES;
				BUNDLE_LOADER = "$(TEST_HOST)";
				CODE_SIGN_STYLE = Automatic;
				DEVELOPMENT_TEAM = RY7754Y275;
				INFOPLIST_FILE = ThreePointsDiaryTests/Info.plist;
				IPHONEOS_DEPLOYMENT_TARGET = 14.5;
				LD_RUNPATH_SEARCH_PATHS = (
					"$(inherited)",
					"@executable_path/Frameworks",
					"@loader_path/Frameworks",
				);
				PRODUCT_BUNDLE_IDENTIFIER = com.example.y.ThreePointsDiaryTests;
				PRODUCT_NAME = "$(TARGET_NAME)";
				SWIFT_VERSION = 5.0;
				TARGETED_DEVICE_FAMILY = "1,2";
				TEST_HOST = "$(BUILT_PRODUCTS_DIR)/ThreePointsDiary.app/ThreePointsDiary";
			};
			name = Debug;
		};
		5499995B26EA522A00D2A4FC /* Release */ = {
			isa = XCBuildConfiguration;
			buildSettings = {
				ALWAYS_EMBED_SWIFT_STANDARD_LIBRARIES = YES;
				BUNDLE_LOADER = "$(TEST_HOST)";
				CODE_SIGN_STYLE = Automatic;
				DEVELOPMENT_TEAM = RY7754Y275;
				INFOPLIST_FILE = ThreePointsDiaryTests/Info.plist;
				IPHONEOS_DEPLOYMENT_TARGET = 14.5;
				LD_RUNPATH_SEARCH_PATHS = (
					"$(inherited)",
					"@executable_path/Frameworks",
					"@loader_path/Frameworks",
				);
				PRODUCT_BUNDLE_IDENTIFIER = com.example.y.ThreePointsDiaryTests;
				PRODUCT_NAME = "$(TARGET_NAME)";
				SWIFT_VERSION = 5.0;
				TARGETED_DEVICE_FAMILY = "1,2";
				TEST_HOST = "$(BUILT_PRODUCTS_DIR)/ThreePointsDiary.app/ThreePointsDiary";
			};
			name = Release;
		};
		5499995D26EA522A00D2A4FC /* Debug */ = {
			isa = XCBuildConfiguration;
			buildSettings = {
				ALWAYS_EMBED_SWIFT_STANDARD_LIBRARIES = YES;
				CODE_SIGN_STYLE = Automatic;
				DEVELOPMENT_TEAM = RY7754Y275;
				INFOPLIST_FILE = ThreePointsDiaryUITests/Info.plist;
				LD_RUNPATH_SEARCH_PATHS = (
					"$(inherited)",
					"@executable_path/Frameworks",
					"@loader_path/Frameworks",
				);
				PRODUCT_BUNDLE_IDENTIFIER = com.example.y.ThreePointsDiaryUITests;
				PRODUCT_NAME = "$(TARGET_NAME)";
				SWIFT_VERSION = 5.0;
				TARGETED_DEVICE_FAMILY = "1,2";
				TEST_TARGET_NAME = ThreePointsDiary;
			};
			name = Debug;
		};
		5499995E26EA522A00D2A4FC /* Release */ = {
			isa = XCBuildConfiguration;
			buildSettings = {
				ALWAYS_EMBED_SWIFT_STANDARD_LIBRARIES = YES;
				CODE_SIGN_STYLE = Automatic;
				DEVELOPMENT_TEAM = RY7754Y275;
				INFOPLIST_FILE = ThreePointsDiaryUITests/Info.plist;
				LD_RUNPATH_SEARCH_PATHS = (
					"$(inherited)",
					"@executable_path/Frameworks",
					"@loader_path/Frameworks",
				);
				PRODUCT_BUNDLE_IDENTIFIER = com.example.y.ThreePointsDiaryUITests;
				PRODUCT_NAME = "$(TARGET_NAME)";
				SWIFT_VERSION = 5.0;
				TARGETED_DEVICE_FAMILY = "1,2";
				TEST_TARGET_NAME = ThreePointsDiary;
			};
			name = Release;
		};
/* End XCBuildConfiguration section */

/* Begin XCConfigurationList section */
		5499992726EA522900D2A4FC /* Build configuration list for PBXProject "ThreePointsDiary" */ = {
			isa = XCConfigurationList;
			buildConfigurations = (
				5499995426EA522A00D2A4FC /* Debug */,
				5499995526EA522A00D2A4FC /* Release */,
			);
			defaultConfigurationIsVisible = 0;
			defaultConfigurationName = Release;
		};
		5499995626EA522A00D2A4FC /* Build configuration list for PBXNativeTarget "ThreePointsDiary" */ = {
			isa = XCConfigurationList;
			buildConfigurations = (
				5499995726EA522A00D2A4FC /* Debug */,
				5499995826EA522A00D2A4FC /* Release */,
			);
			defaultConfigurationIsVisible = 0;
			defaultConfigurationName = Release;
		};
		5499995926EA522A00D2A4FC /* Build configuration list for PBXNativeTarget "ThreePointsDiaryTests" */ = {
			isa = XCConfigurationList;
			buildConfigurations = (
				5499995A26EA522A00D2A4FC /* Debug */,
				5499995B26EA522A00D2A4FC /* Release */,
			);
			defaultConfigurationIsVisible = 0;
			defaultConfigurationName = Release;
		};
		5499995C26EA522A00D2A4FC /* Build configuration list for PBXNativeTarget "ThreePointsDiaryUITests" */ = {
			isa = XCConfigurationList;
			buildConfigurations = (
				5499995D26EA522A00D2A4FC /* Debug */,
				5499995E26EA522A00D2A4FC /* Release */,
			);
			defaultConfigurationIsVisible = 0;
			defaultConfigurationName = Release;
		};
/* End XCConfigurationList section */
	};
	rootObject = 5499992426EA522900D2A4FC /* Project object */;
}
